
Microsoft Visual Studio Solution File, Format Version 11.00
# Visual Studio 2010
Project("{FAE04EC0-301F-11D3-BF4B-00C04F79EFBC}") = "Cards", "Cards\Cards.csproj", "{47760FB3-D215-4373-9CE7-89CFC25BD673}"
EndProject
Project("{FAE04EC0-301F-11D3-BF4B-00C04F79EFBC}") = "presenter", "presenter\presenter.csproj", "{D11F84C8-20BB-4851-A1A5-5CF0282D375F}"
EndProject
Project("{FAE04EC0-301F-11D3-BF4B-00C04F79EFBC}") = "model", "model\model.csproj", "{D927F502-96C7-4D75-929E-43179E9D5F90}"
EndProject
Project("{FAE04EC0-301F-11D3-BF4B-00C04F79EFBC}") = "CardStack", "CardStack\CardStack.csproj", "{14C699D4-ECC6-461D-A391-200C37A81300}"
EndProject
Project("{FAE04EC0-301F-11D3-BF4B-00C04F79EFBC}") = "Wordcards Stack Gadjet", "Wordcards Stack Gadjet\Wordcards Stack Gadjet.csproj", "{47A48209-410D-47C9-BB30-3381EF32B73D}"
EndProject
Global
	GlobalSection(SolutionConfigurationPlatforms) = preSolution
		Debug|Any CPU = Debug|Any CPU
		Debug|Mixed Platforms = Debug|Mixed Platforms
		Debug|x86 = Debug|x86
		Release|Any CPU = Release|Any CPU
		Release|Mixed Platforms = Release|Mixed Platforms
		Release|x86 = Release|x86
	EndGlobalSection
	GlobalSection(ProjectConfigurationPlatforms) = postSolution
		{47760FB3-D215-4373-9CE7-89CFC25BD673}.Debug|Any CPU.ActiveCfg = Debug|x86
		{47760FB3-D215-4373-9CE7-89CFC25BD673}.Debug|Mixed Platforms.ActiveCfg = Debug|x86
		{47760FB3-D215-4373-9CE7-89CFC25BD673}.Debug|Mixed Platforms.Build.0 = Debug|x86
		{47760FB3-D215-4373-9CE7-89CFC25BD673}.Debug|x86.ActiveCfg = Debug|x86
		{47760FB3-D215-4373-9CE7-89CFC25BD673}.Debug|x86.Build.0 = Debug|x86
		{47760FB3-D215-4373-9CE7-89CFC25BD673}.Release|Any CPU.ActiveCfg = Release|x86
		{47760FB3-D215-4373-9CE7-89CFC25BD673}.Release|Mixed Platforms.ActiveCfg = Release|x86
		{47760FB3-D215-4373-9CE7-89CFC25BD673}.Release|Mixed Platforms.Build.0 = Release|x86
		{47760FB3-D215-4373-9CE7-89CFC25BD673}.Release|x86.ActiveCfg = Release|x86
		{47760FB3-D215-4373-9CE7-89CFC25BD673}.Release|x86.Build.0 = Release|x86
		{D11F84C8-20BB-4851-A1A5-5CF0282D375F}.Debug|Any CPU.ActiveCfg = Debug|Any CPU
		{D11F84C8-20BB-4851-A1A5-5CF0282D375F}.Debug|Any CPU.Build.0 = Debug|Any CPU
		{D11F84C8-20BB-4851-A1A5-5CF0282D375F}.Debug|Mixed Platforms.ActiveCfg = Debug|Any CPU
		{D11F84C8-20BB-4851-A1A5-5CF0282D375F}.Debug|Mixed Platforms.Build.0 = Debug|Any CPU
		{D11F84C8-20BB-4851-A1A5-5CF0282D375F}.Debug|x86.ActiveCfg = Debug|Any CPU
		{D11F84C8-20BB-4851-A1A5-5CF0282D375F}.Release|Any CPU.ActiveCfg = Release|Any CPU
		{D11F84C8-20BB-4851-A1A5-5CF0282D375F}.Release|Any CPU.Build.0 = Release|Any CPU
		{D11F84C8-20BB-4851-A1A5-5CF0282D375F}.Release|Mixed Platforms.ActiveCfg = Release|Any CPU
		{D11F84C8-20BB-4851-A1A5-5CF0282D375F}.Release|Mixed Platforms.Build.0 = Release|Any CPU
		{D11F84C8-20BB-4851-A1A5-5CF0282D375F}.Release|x86.ActiveCfg = Release|Any CPU
		{D927F502-96C7-4D75-929E-43179E9D5F90}.Debug|Any CPU.ActiveCfg = Debug|Any CPU
		{D927F502-96C7-4D75-929E-43179E9D5F90}.Debug|Any CPU.Build.0 = Debug|Any CPU
		{D927F502-96C7-4D75-929E-43179E9D5F90}.Debug|Mixed Platforms.ActiveCfg = Debug|Any CPU
		{D927F502-96C7-4D75-929E-43179E9D5F90}.Debug|Mixed Platforms.Build.0 = Debug|Any CPU
		{D927F502-96C7-4D75-929E-43179E9D5F90}.Debug|x86.ActiveCfg = Debug|Any CPU
		{D927F502-96C7-4D75-929E-43179E9D5F90}.Release|Any CPU.ActiveCfg = Release|Any CPU
		{D927F502-96C7-4D75-929E-43179E9D5F90}.Release|Any CPU.Build.0 = Release|Any CPU
		{D927F502-96C7-4D75-929E-43179E9D5F90}.Release|Mixed Platforms.ActiveCfg = Release|Any CPU
		{D927F502-96C7-4D75-929E-43179E9D5F90}.Release|Mixed Platforms.Build.0 = Release|Any CPU
		{D927F502-96C7-4D75-929E-43179E9D5F90}.Release|x86.ActiveCfg = Release|Any CPU
		{14C699D4-ECC6-461D-A391-200C37A81300}.Debug|Any CPU.ActiveCfg = Debug|x86
		{14C699D4-ECC6-461D-A391-200C37A81300}.Debug|Mixed Platforms.ActiveCfg = Debug|x86
		{14C699D4-ECC6-461D-A391-200C37A81300}.Debug|Mixed Platforms.Build.0 = Debug|x86
		{14C699D4-ECC6-461D-A391-200C37A81300}.Debug|x86.ActiveCfg = Debug|x86
		{14C699D4-ECC6-461D-A391-200C37A81300}.Debug|x86.Build.0 = Debug|x86
		{14C699D4-ECC6-461D-A391-200C37A81300}.Release|Any CPU.ActiveCfg = Release|x86
		{14C699D4-ECC6-461D-A391-200C37A81300}.Release|Mixed Platforms.ActiveCfg = Release|x86
		{14C699D4-ECC6-461D-A391-200C37A81300}.Release|Mixed Platforms.Build.0 = Release|x86
		{14C699D4-ECC6-461D-A391-200C37A81300}.Release|x86.ActiveCfg = Release|x86
		{14C699D4-ECC6-461D-A391-200C37A81300}.Release|x86.Build.0 = Release|x86
		{47A48209-410D-47C9-BB30-3381EF32B73D}.Debug|Any CPU.ActiveCfg = Debug|x86
		{47A48209-410D-47C9-BB30-3381EF32B73D}.Debug|Mixed Platforms.ActiveCfg = Debug|x86
		{47A48209-410D-47C9-BB30-3381EF32B73D}.Debug|Mixed Platforms.Build.0 = Debug|x86
		{47A48209-410D-47C9-BB30-3381EF32B73D}.Debug|x86.ActiveCfg = Debug|x86
		{47A48209-410D-47C9-BB30-3381EF32B73D}.Debug|x86.Build.0 = Debug|x86
		{47A48209-410D-47C9-BB30-3381EF32B73D}.Release|Any CPU.ActiveCfg = Release|x86
		{47A48209-410D-47C9-BB30-3381EF32B73D}.Release|Mixed Platforms.ActiveCfg = Release|x86
		{47A48209-410D-47C9-BB30-3381EF32B73D}.Release|Mixed Platforms.Build.0 = Release|x86
		{47A48209-410D-47C9-BB30-3381EF32B73D}.Release|x86.ActiveCfg = Release|x86
		{47A48209-410D-47C9-BB30-3381EF32B73D}.Release|x86.Build.0 = Release|x86
	EndGlobalSection
	GlobalSection(SolutionProperties) = preSolution
		HideSolutionNode = FALSE
	EndGlobalSection
EndGlobal
